
Microsoft Visual Studio Solution File, Format Version 12.00
# Visual Studio 15
VisualStudioVersion = 15.0.27130.2027
MinimumVisualStudioVersion = 10.0.40219.1
Project("{FAE04EC0-301F-11D3-BF4B-00C04F79EFBC}") = "CefGlue", "CefGlue\CefGlue.csproj", "{703FF300-34B9-48D4-A5D6-E741F48D5F95}"
EndProject
Project("{FAE04EC0-301F-11D3-BF4B-00C04F79EFBC}") = "CefGlue.WPF", "CefGlue.WPF\CefGlue.WPF.csproj", "{447C6790-E36E-4A54-BFAC-06C92FFF4AA3}"
EndProject
Project("{FAE04EC0-301F-11D3-BF4B-00C04F79EFBC}") = "CefGlue.Demo.WPF", "CefGlue.Demo.WPF\CefGlue.Demo.WPF.csproj", "{192019E5-B707-4871-8545-6DA6182DEE7D}"
EndProject
Global
	GlobalSection(SolutionConfigurationPlatforms) = preSolution
		Debug|Any CPU = Debug|Any CPU
		Debug|x86 = Debug|x86
		Release|Any CPU = Release|Any CPU
		Release|x86 = Release|x86
	EndGlobalSection
	GlobalSection(ProjectConfigurationPlatforms) = postSolution
		{703FF300-34B9-48D4-A5D6-E741F48D5F95}.Debug|Any CPU.ActiveCfg = Debug|Any CPU
		{703FF300-34B9-48D4-A5D6-E741F48D5F95}.Debug|Any CPU.Build.0 = Debug|Any CPU
		{703FF300-34B9-48D4-A5D6-E741F48D5F95}.Debug|x86.ActiveCfg = Debug|Any CPU
		{703FF300-34B9-48D4-A5D6-E741F48D5F95}.Debug|x86.Build.0 = Debug|Any CPU
		{703FF300-34B9-48D4-A5D6-E741F48D5F95}.Release|Any CPU.ActiveCfg = Release|Any CPU
		{703FF300-34B9-48D4-A5D6-E741F48D5F95}.Release|Any CPU.Build.0 = Release|Any CPU
		{703FF300-34B9-48D4-A5D6-E741F48D5F95}.Release|x86.ActiveCfg = Release|Any CPU
		{703FF300-34B9-48D4-A5D6-E741F48D5F95}.Release|x86.Build.0 = Release|Any CPU
		{447C6790-E36E-4A54-BFAC-06C92FFF4AA3}.Debug|Any CPU.ActiveCfg = Debug|Any CPU
		{447C6790-E36E-4A54-BFAC-06C92FFF4AA3}.Debug|Any CPU.Build.0 = Debug|Any CPU
		{447C6790-E36E-4A54-BFAC-06C92FFF4AA3}.Debug|x86.ActiveCfg = Debug|Any CPU
		{447C6790-E36E-4A54-BFAC-06C92FFF4AA3}.Debug|x86.Build.0 = Debug|Any CPU
		{447C6790-E36E-4A54-BFAC-06C92FFF4AA3}.Release|Any CPU.ActiveCfg = Release|Any CPU
		{447C6790-E36E-4A54-BFAC-06C92FFF4AA3}.Release|Any CPU.Build.0 = Release|Any CPU
		{447C6790-E36E-4A54-BFAC-06C92FFF4AA3}.Release|x86.ActiveCfg = Release|Any CPU
		{447C6790-E36E-4A54-BFAC-06C92FFF4AA3}.Release|x86.Build.0 = Release|Any CPU
		{192019E5-B707-4871-8545-6DA6182DEE7D}.Debug|Any CPU.ActiveCfg = Debug|Any CPU
		{192019E5-B707-4871-8545-6DA6182DEE7D}.Debug|Any CPU.Build.0 = Debug|Any CPU
		{192019E5-B707-4871-8545-6DA6182DEE7D}.Debug|x86.ActiveCfg = Debug|Any CPU
		{192019E5-B707-4871-8545-6DA6182DEE7D}.Debug|x86.Build.0 = Debug|Any CPU
		{192019E5-B707-4871-8545-6DA6182DEE7D}.Release|Any CPU.ActiveCfg = Release|Any CPU
		{192019E5-B707-4871-8545-6DA6182DEE7D}.Release|Any CPU.Build.0 = Release|Any CPU
		{192019E5-B707-4871-8545-6DA6182DEE7D}.Release|x86.ActiveCfg = Release|Any CPU
		{192019E5-B707-4871-8545-6DA6182DEE7D}.Release|x86.Build.0 = Release|Any CPU
	EndGlobalSection
	GlobalSection(SolutionProperties) = preSolution
		HideSolutionNode = FALSE
	EndGlobalSection
	GlobalSection(ExtensibilityGlobals) = postSolution
		SolutionGuid = {5A6622C9-CD0A-411D-9D05-132559AD9F82}
	EndGlobalSection
EndGlobal
